
Microsoft Visual Studio Solution File, Format Version 12.00
# Visual Studio Version 17
VisualStudioVersion = 17.13.35828.75 d17.13
MinimumVisualStudioVersion = 10.0.40219.1
Project("{2150E333-8FDC-42A3-9474-1A3956D46DE8}") = "Identity", "Identity", "{2F8B63A4-B96C-4E31-9DB5-354C50F4519D}"
EndProject
Project("{FAE04EC0-301F-11D3-BF4B-00C04F79EFBC}") = "Identity.Domain", "Identity\Identity.Domain\Identity.Domain.csproj", "{5F47D5D6-06D2-43C0-ABCA-8C6D9B49ADF5}"
EndProject
Project("{FAE04EC0-301F-11D3-BF4B-00C04F79EFBC}") = "Identity.Application", "Identity\Identity.Application\Identity.Application.csproj", "{CBA6BDFB-DDD2-48B2-9C88-7D12F9DCC07A}"
	ProjectSection(ProjectDependencies) = postProject
		{09D9C914-D40C-4E8A-82DE-55EE1EC36955} = {09D9C914-D40C-4E8A-82DE-55EE1EC36955}
		{5F47D5D6-06D2-43C0-ABCA-8C6D9B49ADF5} = {5F47D5D6-06D2-43C0-ABCA-8C6D9B49ADF5}
	EndProjectSection
EndProject
Project("{2150E333-8FDC-42A3-9474-1A3956D46DE8}") = "Common", "Common", "{2B1B76F3-7B3F-4280-9764-47AD0E5CEF39}"
EndProject
Project("{FAE04EC0-301F-11D3-BF4B-00C04F79EFBC}") = "Identity.Contracts", "Identity\Identity.Contracts\Identity.Contracts.csproj", "{09D9C914-D40C-4E8A-82DE-55EE1EC36955}"
EndProject
Project("{FAE04EC0-301F-11D3-BF4B-00C04F79EFBC}") = "Identity.Infrastructure", "Identity\Identity.Infrastructure\Identity.Infrastructure.csproj", "{B72EEA34-30EB-428E-B885-A489BB5B41F0}"
EndProject
Project("{FAE04EC0-301F-11D3-BF4B-00C04F79EFBC}") = "Identity.Presentation", "Identity\Identity.Presentation\Identity.Presentation.csproj", "{1C0EE340-9E1F-42E7-90C8-D687CBA44DE6}"
EndProject
Project("{FAE04EC0-301F-11D3-BF4B-00C04F79EFBC}") = "Common.Notification", "Common\Common.Notification\Common.Notification.csproj", "{E826DD85-4CC1-4BEA-92BD-6812E7EA9BA1}"
EndProject
Project("{FAE04EC0-301F-11D3-BF4B-00C04F79EFBC}") = "Common", "Common\Common\Common.csproj", "{9C34A5BA-4693-4CEC-9913-C69E20454959}"
EndProject
Project("{E53339B2-1760-4266-BCC7-CA923CBCF16C}") = "docker-compose", "docker-compose.dcproj", "{81DDED9D-158B-E303-5F62-77A2896D2A5A}"
EndProject
Project("{2150E333-8FDC-42A3-9474-1A3956D46DE8}") = "Event", "Event", "{BF992071-42FF-401C-90B9-C97850800FEF}"
EndProject
Project("{FAE04EC0-301F-11D3-BF4B-00C04F79EFBC}") = "Event.Domain", "Event\Event.Domain\Event.Domain.csproj", "{CC631D05-C818-408C-B8D8-095DE60F9AA2}"
EndProject
Project("{FAE04EC0-301F-11D3-BF4B-00C04F79EFBC}") = "Event.Contracts", "Event\Event.Contracts\Event.Contracts.csproj", "{64B613A6-AB17-4B80-AFA6-5C138620AE3D}"
EndProject
Project("{FAE04EC0-301F-11D3-BF4B-00C04F79EFBC}") = "Event.Infrastructure", "Event\Event.Infrastructure\Event.Infrastructure.csproj", "{7F369353-FE3C-44E3-BBB2-6AACD5E4C315}"
EndProject
Project("{FAE04EC0-301F-11D3-BF4B-00C04F79EFBC}") = "Event.Application", "Event\Event.Application\Event.Application.csproj", "{EB3CB34D-966E-4575-AFA3-098BA82D62BD}"
EndProject
Project("{2150E333-8FDC-42A3-9474-1A3956D46DE8}") = "Core", "Core", "{4AD3C07E-1508-464A-84CF-7A6A7C088CBD}"
EndProject
Project("{FAE04EC0-301F-11D3-BF4B-00C04F79EFBC}") = "Core.Exceptions", "Core\Core.Exceptions\Core.Exceptions.csproj", "{F13A6367-C272-46AE-99DC-549D8BA4B50B}"
EndProject
Project("{FAE04EC0-301F-11D3-BF4B-00C04F79EFBC}") = "Core.Api", "Core\Core.Api\Core.Api.csproj", "{1FB550F7-7CB5-48B8-8519-6E2A10319A8F}"
EndProject
Project("{FAE04EC0-301F-11D3-BF4B-00C04F79EFBC}") = "Core.Models", "Core\Core.Models\Core.Models.csproj", "{AB2A3314-A85B-432E-9D9B-C4AFD806E9BC}"
EndProject
Project("{FAE04EC0-301F-11D3-BF4B-00C04F79EFBC}") = "Common.Refit", "Common\Common.Refit\Common.Refit.csproj", "{AAB70994-CF06-49BE-AEB6-49F60EEB73CD}"
EndProject
Project("{FAE04EC0-301F-11D3-BF4B-00C04F79EFBC}") = "Event.Presentation", "Event\Event.Presentation\Event.Presentation.csproj", "{4EB92C7B-04F4-46EC-926B-BCC10B8AB894}"
EndProject
Project("{FAE04EC0-301F-11D3-BF4B-00C04F79EFBC}") = "Identity.UnitTests", "Identity\Identity.UnitTests\Identity.UnitTests.csproj", "{8A73E33A-F160-46A5-9EF2-C19C7E542A8D}"
EndProject
Project("{2150E333-8FDC-42A3-9474-1A3956D46DE8}") = "Wishlist", "Wishlist", "{3E8ECF84-EAFF-4F0D-BBCF-A214161DCF4D}"
EndProject
Project("{FAE04EC0-301F-11D3-BF4B-00C04F79EFBC}") = "Wishlist.Domain", "Wishlist\Wishlist.Domain\Wishlist.Domain.csproj", "{8CA252EA-54F1-4068-9FE3-F9D269C87D52}"
EndProject
Project("{FAE04EC0-301F-11D3-BF4B-00C04F79EFBC}") = "Wishlist.Contracts", "Wishlist\Wishlist.Contracts\Wishlist.Contracts.csproj", "{18572E47-6C31-4752-B198-B4FBAD5ECD64}"
EndProject
Project("{FAE04EC0-301F-11D3-BF4B-00C04F79EFBC}") = "Wishlist.Application", "Wishlist\Wishlist.Application\Wishlist.Application.csproj", "{729CA08A-3CCF-48BB-8BCD-5C803F7A9FB9}"
EndProject
Project("{FAE04EC0-301F-11D3-BF4B-00C04F79EFBC}") = "Wishlist.Infrastructure", "Wishlist\Wishlist.Infrastructure\Wishlist.Infrastructure.csproj", "{D061F7C3-FDCC-464A-A204-A46FBF12AB96}"
EndProject
Project("{FAE04EC0-301F-11D3-BF4B-00C04F79EFBC}") = "Common.Dropbox", "Common\Common.Dropbox\Common.Dropbox.csproj", "{FD82E2BF-64BF-417B-899E-3EF4023EA246}"
EndProject
Project("{FAE04EC0-301F-11D3-BF4B-00C04F79EFBC}") = "Wishlist.Presentation", "Wishlist\Wishlist.Presentation\Wishlist.Presentation.csproj", "{323CC59F-9DEA-4192-85F1-645C41143493}"
EndProject
Project("{FAE04EC0-301F-11D3-BF4B-00C04F79EFBC}") = "Event.UnitTests", "Event\Event.UnitTests\Event.UnitTests.csproj", "{56C12721-155E-4889-BE79-0C00CEC0DB67}"
EndProject
Project("{FAE04EC0-301F-11D3-BF4B-00C04F79EFBC}") = "Wishlist.UnitTests", "Wishlist\Wishlist.UnitTests\Wishlist.UnitTests.csproj", "{FE1989FF-90FC-4703-B39C-FDB6BB2D3E53}"
EndProject
Project("{2150E333-8FDC-42A3-9474-1A3956D46DE8}") = "SecretSanta", "SecretSanta", "{CAB2F82D-4F62-4088-AEB1-AE4B2184E1FA}"
EndProject
Project("{FAE04EC0-301F-11D3-BF4B-00C04F79EFBC}") = "SecretSanta.Domain", "SecretSanta\SecretSanta.Domain\SecretSanta.Domain.csproj", "{263F405C-02EF-4521-9CD6-33796011F0D8}"
EndProject
Project("{FAE04EC0-301F-11D3-BF4B-00C04F79EFBC}") = "SecretSanta.Contracts", "SecretSanta\SecretSanta.Contracts\SecretSanta.Contracts.csproj", "{F2BB4B4B-7642-405A-93C1-9BE8A4193A94}"
EndProject
Project("{FAE04EC0-301F-11D3-BF4B-00C04F79EFBC}") = "SecretSanta.Application", "SecretSanta\SecretSanta.Application\SecretSanta.Application.csproj", "{B36774B5-F91F-4E4C-89A7-4FEF744C4DE7}"
EndProject
Project("{FAE04EC0-301F-11D3-BF4B-00C04F79EFBC}") = "Gateway.Api", "Gateway.Api\Gateway.Api.csproj", "{398ABB64-66C8-4818-9674-1D13F64A33C1}"
EndProject
Project("{FAE04EC0-301F-11D3-BF4B-00C04F79EFBC}") = "SecretSanta.Infrastructure", "SecretSanta\SecretSanta.Infrastructure\SecretSanta.Infrastructure.csproj", "{717A50C5-EAE5-46A6-8C1A-41E6A787BB23}"
EndProject
Project("{FAE04EC0-301F-11D3-BF4B-00C04F79EFBC}") = "SecretSanta.Presentation", "SecretSanta\SecretSanta.Presentation\SecretSanta.Presentation.csproj", "{B5B8276A-3A26-4677-B535-5C2DA728AFB0}"
EndProject
Project("{FAE04EC0-301F-11D3-BF4B-00C04F79EFBC}") = "SecretSanta.UnitTests", "SecretSanta\SecretSanta.UnitTests\SecretSanta.UnitTests.csproj", "{452D783B-F746-4FC7-A059-2990BBCD7C76}"
EndProject
Global
	GlobalSection(SolutionConfigurationPlatforms) = preSolution
		Debug|Any CPU = Debug|Any CPU
		Release|Any CPU = Release|Any CPU
	EndGlobalSection
	GlobalSection(ProjectConfigurationPlatforms) = postSolution
		{5F47D5D6-06D2-43C0-ABCA-8C6D9B49ADF5}.Debug|Any CPU.ActiveCfg = Debug|Any CPU
		{5F47D5D6-06D2-43C0-ABCA-8C6D9B49ADF5}.Debug|Any CPU.Build.0 = Debug|Any CPU
		{5F47D5D6-06D2-43C0-ABCA-8C6D9B49ADF5}.Release|Any CPU.ActiveCfg = Release|Any CPU
		{5F47D5D6-06D2-43C0-ABCA-8C6D9B49ADF5}.Release|Any CPU.Build.0 = Release|Any CPU
		{CBA6BDFB-DDD2-48B2-9C88-7D12F9DCC07A}.Debug|Any CPU.ActiveCfg = Debug|Any CPU
		{CBA6BDFB-DDD2-48B2-9C88-7D12F9DCC07A}.Debug|Any CPU.Build.0 = Debug|Any CPU
		{CBA6BDFB-DDD2-48B2-9C88-7D12F9DCC07A}.Release|Any CPU.ActiveCfg = Release|Any CPU
		{CBA6BDFB-DDD2-48B2-9C88-7D12F9DCC07A}.Release|Any CPU.Build.0 = Release|Any CPU
		{09D9C914-D40C-4E8A-82DE-55EE1EC36955}.Debug|Any CPU.ActiveCfg = Debug|Any CPU
		{09D9C914-D40C-4E8A-82DE-55EE1EC36955}.Debug|Any CPU.Build.0 = Debug|Any CPU
		{09D9C914-D40C-4E8A-82DE-55EE1EC36955}.Release|Any CPU.ActiveCfg = Release|Any CPU
		{09D9C914-D40C-4E8A-82DE-55EE1EC36955}.Release|Any CPU.Build.0 = Release|Any CPU
		{B72EEA34-30EB-428E-B885-A489BB5B41F0}.Debug|Any CPU.ActiveCfg = Debug|Any CPU
		{B72EEA34-30EB-428E-B885-A489BB5B41F0}.Debug|Any CPU.Build.0 = Debug|Any CPU
		{B72EEA34-30EB-428E-B885-A489BB5B41F0}.Release|Any CPU.ActiveCfg = Release|Any CPU
		{B72EEA34-30EB-428E-B885-A489BB5B41F0}.Release|Any CPU.Build.0 = Release|Any CPU
		{1C0EE340-9E1F-42E7-90C8-D687CBA44DE6}.Debug|Any CPU.ActiveCfg = Debug|Any CPU
		{1C0EE340-9E1F-42E7-90C8-D687CBA44DE6}.Debug|Any CPU.Build.0 = Debug|Any CPU
		{1C0EE340-9E1F-42E7-90C8-D687CBA44DE6}.Release|Any CPU.ActiveCfg = Release|Any CPU
		{1C0EE340-9E1F-42E7-90C8-D687CBA44DE6}.Release|Any CPU.Build.0 = Release|Any CPU
		{E826DD85-4CC1-4BEA-92BD-6812E7EA9BA1}.Debug|Any CPU.ActiveCfg = Debug|Any CPU
		{E826DD85-4CC1-4BEA-92BD-6812E7EA9BA1}.Debug|Any CPU.Build.0 = Debug|Any CPU
		{E826DD85-4CC1-4BEA-92BD-6812E7EA9BA1}.Release|Any CPU.ActiveCfg = Release|Any CPU
		{E826DD85-4CC1-4BEA-92BD-6812E7EA9BA1}.Release|Any CPU.Build.0 = Release|Any CPU
		{9C34A5BA-4693-4CEC-9913-C69E20454959}.Debug|Any CPU.ActiveCfg = Debug|Any CPU
		{9C34A5BA-4693-4CEC-9913-C69E20454959}.Debug|Any CPU.Build.0 = Debug|Any CPU
		{9C34A5BA-4693-4CEC-9913-C69E20454959}.Release|Any CPU.ActiveCfg = Release|Any CPU
		{9C34A5BA-4693-4CEC-9913-C69E20454959}.Release|Any CPU.Build.0 = Release|Any CPU
		{81DDED9D-158B-E303-5F62-77A2896D2A5A}.Debug|Any CPU.ActiveCfg = Debug|Any CPU
		{81DDED9D-158B-E303-5F62-77A2896D2A5A}.Debug|Any CPU.Build.0 = Debug|Any CPU
		{81DDED9D-158B-E303-5F62-77A2896D2A5A}.Release|Any CPU.ActiveCfg = Release|Any CPU
		{81DDED9D-158B-E303-5F62-77A2896D2A5A}.Release|Any CPU.Build.0 = Release|Any CPU
		{CC631D05-C818-408C-B8D8-095DE60F9AA2}.Debug|Any CPU.ActiveCfg = Debug|Any CPU
		{CC631D05-C818-408C-B8D8-095DE60F9AA2}.Debug|Any CPU.Build.0 = Debug|Any CPU
		{CC631D05-C818-408C-B8D8-095DE60F9AA2}.Release|Any CPU.ActiveCfg = Release|Any CPU
		{CC631D05-C818-408C-B8D8-095DE60F9AA2}.Release|Any CPU.Build.0 = Release|Any CPU
		{64B613A6-AB17-4B80-AFA6-5C138620AE3D}.Debug|Any CPU.ActiveCfg = Debug|Any CPU
		{64B613A6-AB17-4B80-AFA6-5C138620AE3D}.Debug|Any CPU.Build.0 = Debug|Any CPU
		{64B613A6-AB17-4B80-AFA6-5C138620AE3D}.Release|Any CPU.ActiveCfg = Release|Any CPU
		{64B613A6-AB17-4B80-AFA6-5C138620AE3D}.Release|Any CPU.Build.0 = Release|Any CPU
		{7F369353-FE3C-44E3-BBB2-6AACD5E4C315}.Debug|Any CPU.ActiveCfg = Debug|Any CPU
		{7F369353-FE3C-44E3-BBB2-6AACD5E4C315}.Debug|Any CPU.Build.0 = Debug|Any CPU
		{7F369353-FE3C-44E3-BBB2-6AACD5E4C315}.Release|Any CPU.ActiveCfg = Release|Any CPU
		{7F369353-FE3C-44E3-BBB2-6AACD5E4C315}.Release|Any CPU.Build.0 = Release|Any CPU
		{EB3CB34D-966E-4575-AFA3-098BA82D62BD}.Debug|Any CPU.ActiveCfg = Debug|Any CPU
		{EB3CB34D-966E-4575-AFA3-098BA82D62BD}.Debug|Any CPU.Build.0 = Debug|Any CPU
		{EB3CB34D-966E-4575-AFA3-098BA82D62BD}.Release|Any CPU.ActiveCfg = Release|Any CPU
		{EB3CB34D-966E-4575-AFA3-098BA82D62BD}.Release|Any CPU.Build.0 = Release|Any CPU
		{F13A6367-C272-46AE-99DC-549D8BA4B50B}.Debug|Any CPU.ActiveCfg = Debug|Any CPU
		{F13A6367-C272-46AE-99DC-549D8BA4B50B}.Debug|Any CPU.Build.0 = Debug|Any CPU
		{F13A6367-C272-46AE-99DC-549D8BA4B50B}.Release|Any CPU.ActiveCfg = Release|Any CPU
		{F13A6367-C272-46AE-99DC-549D8BA4B50B}.Release|Any CPU.Build.0 = Release|Any CPU
		{1FB550F7-7CB5-48B8-8519-6E2A10319A8F}.Debug|Any CPU.ActiveCfg = Debug|Any CPU
		{1FB550F7-7CB5-48B8-8519-6E2A10319A8F}.Debug|Any CPU.Build.0 = Debug|Any CPU
		{1FB550F7-7CB5-48B8-8519-6E2A10319A8F}.Release|Any CPU.ActiveCfg = Release|Any CPU
		{1FB550F7-7CB5-48B8-8519-6E2A10319A8F}.Release|Any CPU.Build.0 = Release|Any CPU
		{AB2A3314-A85B-432E-9D9B-C4AFD806E9BC}.Debug|Any CPU.ActiveCfg = Debug|Any CPU
		{AB2A3314-A85B-432E-9D9B-C4AFD806E9BC}.Debug|Any CPU.Build.0 = Debug|Any CPU
		{AB2A3314-A85B-432E-9D9B-C4AFD806E9BC}.Release|Any CPU.ActiveCfg = Release|Any CPU
		{AB2A3314-A85B-432E-9D9B-C4AFD806E9BC}.Release|Any CPU.Build.0 = Release|Any CPU
		{AAB70994-CF06-49BE-AEB6-49F60EEB73CD}.Debug|Any CPU.ActiveCfg = Debug|Any CPU
		{AAB70994-CF06-49BE-AEB6-49F60EEB73CD}.Debug|Any CPU.Build.0 = Debug|Any CPU
		{AAB70994-CF06-49BE-AEB6-49F60EEB73CD}.Release|Any CPU.ActiveCfg = Release|Any CPU
		{AAB70994-CF06-49BE-AEB6-49F60EEB73CD}.Release|Any CPU.Build.0 = Release|Any CPU
		{4EB92C7B-04F4-46EC-926B-BCC10B8AB894}.Debug|Any CPU.ActiveCfg = Debug|Any CPU
		{4EB92C7B-04F4-46EC-926B-BCC10B8AB894}.Debug|Any CPU.Build.0 = Debug|Any CPU
		{4EB92C7B-04F4-46EC-926B-BCC10B8AB894}.Release|Any CPU.ActiveCfg = Release|Any CPU
		{4EB92C7B-04F4-46EC-926B-BCC10B8AB894}.Release|Any CPU.Build.0 = Release|Any CPU
		{8A73E33A-F160-46A5-9EF2-C19C7E542A8D}.Debug|Any CPU.ActiveCfg = Debug|Any CPU
		{8A73E33A-F160-46A5-9EF2-C19C7E542A8D}.Debug|Any CPU.Build.0 = Debug|Any CPU
		{8A73E33A-F160-46A5-9EF2-C19C7E542A8D}.Release|Any CPU.ActiveCfg = Release|Any CPU
		{8A73E33A-F160-46A5-9EF2-C19C7E542A8D}.Release|Any CPU.Build.0 = Release|Any CPU
		{8CA252EA-54F1-4068-9FE3-F9D269C87D52}.Debug|Any CPU.ActiveCfg = Debug|Any CPU
		{8CA252EA-54F1-4068-9FE3-F9D269C87D52}.Debug|Any CPU.Build.0 = Debug|Any CPU
		{8CA252EA-54F1-4068-9FE3-F9D269C87D52}.Release|Any CPU.ActiveCfg = Release|Any CPU
		{8CA252EA-54F1-4068-9FE3-F9D269C87D52}.Release|Any CPU.Build.0 = Release|Any CPU
		{18572E47-6C31-4752-B198-B4FBAD5ECD64}.Debug|Any CPU.ActiveCfg = Debug|Any CPU
		{18572E47-6C31-4752-B198-B4FBAD5ECD64}.Debug|Any CPU.Build.0 = Debug|Any CPU
		{18572E47-6C31-4752-B198-B4FBAD5ECD64}.Release|Any CPU.ActiveCfg = Release|Any CPU
		{18572E47-6C31-4752-B198-B4FBAD5ECD64}.Release|Any CPU.Build.0 = Release|Any CPU
		{729CA08A-3CCF-48BB-8BCD-5C803F7A9FB9}.Debug|Any CPU.ActiveCfg = Debug|Any CPU
		{729CA08A-3CCF-48BB-8BCD-5C803F7A9FB9}.Debug|Any CPU.Build.0 = Debug|Any CPU
		{729CA08A-3CCF-48BB-8BCD-5C803F7A9FB9}.Release|Any CPU.ActiveCfg = Release|Any CPU
		{729CA08A-3CCF-48BB-8BCD-5C803F7A9FB9}.Release|Any CPU.Build.0 = Release|Any CPU
		{D061F7C3-FDCC-464A-A204-A46FBF12AB96}.Debug|Any CPU.ActiveCfg = Debug|Any CPU
		{D061F7C3-FDCC-464A-A204-A46FBF12AB96}.Debug|Any CPU.Build.0 = Debug|Any CPU
		{D061F7C3-FDCC-464A-A204-A46FBF12AB96}.Release|Any CPU.ActiveCfg = Release|Any CPU
		{D061F7C3-FDCC-464A-A204-A46FBF12AB96}.Release|Any CPU.Build.0 = Release|Any CPU
		{FD82E2BF-64BF-417B-899E-3EF4023EA246}.Debug|Any CPU.ActiveCfg = Debug|Any CPU
		{FD82E2BF-64BF-417B-899E-3EF4023EA246}.Debug|Any CPU.Build.0 = Debug|Any CPU
		{FD82E2BF-64BF-417B-899E-3EF4023EA246}.Release|Any CPU.ActiveCfg = Release|Any CPU
		{FD82E2BF-64BF-417B-899E-3EF4023EA246}.Release|Any CPU.Build.0 = Release|Any CPU
		{323CC59F-9DEA-4192-85F1-645C41143493}.Debug|Any CPU.ActiveCfg = Debug|Any CPU
		{323CC59F-9DEA-4192-85F1-645C41143493}.Debug|Any CPU.Build.0 = Debug|Any CPU
		{323CC59F-9DEA-4192-85F1-645C41143493}.Release|Any CPU.ActiveCfg = Release|Any CPU
		{323CC59F-9DEA-4192-85F1-645C41143493}.Release|Any CPU.Build.0 = Release|Any CPU
		{56C12721-155E-4889-BE79-0C00CEC0DB67}.Debug|Any CPU.ActiveCfg = Debug|Any CPU
		{56C12721-155E-4889-BE79-0C00CEC0DB67}.Debug|Any CPU.Build.0 = Debug|Any CPU
		{56C12721-155E-4889-BE79-0C00CEC0DB67}.Release|Any CPU.ActiveCfg = Release|Any CPU
		{56C12721-155E-4889-BE79-0C00CEC0DB67}.Release|Any CPU.Build.0 = Release|Any CPU
		{FE1989FF-90FC-4703-B39C-FDB6BB2D3E53}.Debug|Any CPU.ActiveCfg = Debug|Any CPU
		{FE1989FF-90FC-4703-B39C-FDB6BB2D3E53}.Debug|Any CPU.Build.0 = Debug|Any CPU
		{FE1989FF-90FC-4703-B39C-FDB6BB2D3E53}.Release|Any CPU.ActiveCfg = Release|Any CPU
		{FE1989FF-90FC-4703-B39C-FDB6BB2D3E53}.Release|Any CPU.Build.0 = Release|Any CPU
		{263F405C-02EF-4521-9CD6-33796011F0D8}.Debug|Any CPU.ActiveCfg = Debug|Any CPU
		{263F405C-02EF-4521-9CD6-33796011F0D8}.Debug|Any CPU.Build.0 = Debug|Any CPU
		{263F405C-02EF-4521-9CD6-33796011F0D8}.Release|Any CPU.ActiveCfg = Release|Any CPU
		{263F405C-02EF-4521-9CD6-33796011F0D8}.Release|Any CPU.Build.0 = Release|Any CPU
		{F2BB4B4B-7642-405A-93C1-9BE8A4193A94}.Debug|Any CPU.ActiveCfg = Debug|Any CPU
		{F2BB4B4B-7642-405A-93C1-9BE8A4193A94}.Debug|Any CPU.Build.0 = Debug|Any CPU
		{F2BB4B4B-7642-405A-93C1-9BE8A4193A94}.Release|Any CPU.ActiveCfg = Release|Any CPU
		{F2BB4B4B-7642-405A-93C1-9BE8A4193A94}.Release|Any CPU.Build.0 = Release|Any CPU
		{B36774B5-F91F-4E4C-89A7-4FEF744C4DE7}.Debug|Any CPU.ActiveCfg = Debug|Any CPU
		{B36774B5-F91F-4E4C-89A7-4FEF744C4DE7}.Debug|Any CPU.Build.0 = Debug|Any CPU
		{B36774B5-F91F-4E4C-89A7-4FEF744C4DE7}.Release|Any CPU.ActiveCfg = Release|Any CPU
		{B36774B5-F91F-4E4C-89A7-4FEF744C4DE7}.Release|Any CPU.Build.0 = Release|Any CPU
		{398ABB64-66C8-4818-9674-1D13F64A33C1}.Debug|Any CPU.ActiveCfg = Debug|Any CPU
		{398ABB64-66C8-4818-9674-1D13F64A33C1}.Debug|Any CPU.Build.0 = Debug|Any CPU
		{398ABB64-66C8-4818-9674-1D13F64A33C1}.Release|Any CPU.ActiveCfg = Release|Any CPU
		{398ABB64-66C8-4818-9674-1D13F64A33C1}.Release|Any CPU.Build.0 = Release|Any CPU
		{717A50C5-EAE5-46A6-8C1A-41E6A787BB23}.Debug|Any CPU.ActiveCfg = Debug|Any CPU
		{717A50C5-EAE5-46A6-8C1A-41E6A787BB23}.Debug|Any CPU.Build.0 = Debug|Any CPU
		{717A50C5-EAE5-46A6-8C1A-41E6A787BB23}.Release|Any CPU.ActiveCfg = Release|Any CPU
		{717A50C5-EAE5-46A6-8C1A-41E6A787BB23}.Release|Any CPU.Build.0 = Release|Any CPU
		{B5B8276A-3A26-4677-B535-5C2DA728AFB0}.Debug|Any CPU.ActiveCfg = Debug|Any CPU
		{B5B8276A-3A26-4677-B535-5C2DA728AFB0}.Debug|Any CPU.Build.0 = Debug|Any CPU
		{B5B8276A-3A26-4677-B535-5C2DA728AFB0}.Release|Any CPU.ActiveCfg = Release|Any CPU
		{B5B8276A-3A26-4677-B535-5C2DA728AFB0}.Release|Any CPU.Build.0 = Release|Any CPU
		{452D783B-F746-4FC7-A059-2990BBCD7C76}.Debug|Any CPU.ActiveCfg = Debug|Any CPU
		{452D783B-F746-4FC7-A059-2990BBCD7C76}.Debug|Any CPU.Build.0 = Debug|Any CPU
		{452D783B-F746-4FC7-A059-2990BBCD7C76}.Release|Any CPU.ActiveCfg = Release|Any CPU
		{452D783B-F746-4FC7-A059-2990BBCD7C76}.Release|Any CPU.Build.0 = Release|Any CPU
	EndGlobalSection
	GlobalSection(SolutionProperties) = preSolution
		HideSolutionNode = FALSE
	EndGlobalSection
	GlobalSection(NestedProjects) = preSolution
		{5F47D5D6-06D2-43C0-ABCA-8C6D9B49ADF5} = {2F8B63A4-B96C-4E31-9DB5-354C50F4519D}
		{CBA6BDFB-DDD2-48B2-9C88-7D12F9DCC07A} = {2F8B63A4-B96C-4E31-9DB5-354C50F4519D}
		{09D9C914-D40C-4E8A-82DE-55EE1EC36955} = {2F8B63A4-B96C-4E31-9DB5-354C50F4519D}
		{B72EEA34-30EB-428E-B885-A489BB5B41F0} = {2F8B63A4-B96C-4E31-9DB5-354C50F4519D}
		{1C0EE340-9E1F-42E7-90C8-D687CBA44DE6} = {2F8B63A4-B96C-4E31-9DB5-354C50F4519D}
		{E826DD85-4CC1-4BEA-92BD-6812E7EA9BA1} = {2B1B76F3-7B3F-4280-9764-47AD0E5CEF39}
		{9C34A5BA-4693-4CEC-9913-C69E20454959} = {2B1B76F3-7B3F-4280-9764-47AD0E5CEF39}
		{CC631D05-C818-408C-B8D8-095DE60F9AA2} = {BF992071-42FF-401C-90B9-C97850800FEF}
		{64B613A6-AB17-4B80-AFA6-5C138620AE3D} = {BF992071-42FF-401C-90B9-C97850800FEF}
		{7F369353-FE3C-44E3-BBB2-6AACD5E4C315} = {BF992071-42FF-401C-90B9-C97850800FEF}
		{EB3CB34D-966E-4575-AFA3-098BA82D62BD} = {BF992071-42FF-401C-90B9-C97850800FEF}
		{F13A6367-C272-46AE-99DC-549D8BA4B50B} = {4AD3C07E-1508-464A-84CF-7A6A7C088CBD}
		{1FB550F7-7CB5-48B8-8519-6E2A10319A8F} = {4AD3C07E-1508-464A-84CF-7A6A7C088CBD}
		{AB2A3314-A85B-432E-9D9B-C4AFD806E9BC} = {4AD3C07E-1508-464A-84CF-7A6A7C088CBD}
		{AAB70994-CF06-49BE-AEB6-49F60EEB73CD} = {2B1B76F3-7B3F-4280-9764-47AD0E5CEF39}
		{4EB92C7B-04F4-46EC-926B-BCC10B8AB894} = {BF992071-42FF-401C-90B9-C97850800FEF}
		{8A73E33A-F160-46A5-9EF2-C19C7E542A8D} = {2F8B63A4-B96C-4E31-9DB5-354C50F4519D}
		{8CA252EA-54F1-4068-9FE3-F9D269C87D52} = {3E8ECF84-EAFF-4F0D-BBCF-A214161DCF4D}
		{18572E47-6C31-4752-B198-B4FBAD5ECD64} = {3E8ECF84-EAFF-4F0D-BBCF-A214161DCF4D}
		{729CA08A-3CCF-48BB-8BCD-5C803F7A9FB9} = {3E8ECF84-EAFF-4F0D-BBCF-A214161DCF4D}
		{D061F7C3-FDCC-464A-A204-A46FBF12AB96} = {3E8ECF84-EAFF-4F0D-BBCF-A214161DCF4D}
		{FD82E2BF-64BF-417B-899E-3EF4023EA246} = {2B1B76F3-7B3F-4280-9764-47AD0E5CEF39}
		{323CC59F-9DEA-4192-85F1-645C41143493} = {3E8ECF84-EAFF-4F0D-BBCF-A214161DCF4D}
		{56C12721-155E-4889-BE79-0C00CEC0DB67} = {BF992071-42FF-401C-90B9-C97850800FEF}
		{FE1989FF-90FC-4703-B39C-FDB6BB2D3E53} = {3E8ECF84-EAFF-4F0D-BBCF-A214161DCF4D}
		{263F405C-02EF-4521-9CD6-33796011F0D8} = {CAB2F82D-4F62-4088-AEB1-AE4B2184E1FA}
		{F2BB4B4B-7642-405A-93C1-9BE8A4193A94} = {CAB2F82D-4F62-4088-AEB1-AE4B2184E1FA}
		{B36774B5-F91F-4E4C-89A7-4FEF744C4DE7} = {CAB2F82D-4F62-4088-AEB1-AE4B2184E1FA}
		{717A50C5-EAE5-46A6-8C1A-41E6A787BB23} = {CAB2F82D-4F62-4088-AEB1-AE4B2184E1FA}
		{B5B8276A-3A26-4677-B535-5C2DA728AFB0} = {CAB2F82D-4F62-4088-AEB1-AE4B2184E1FA}
		{452D783B-F746-4FC7-A059-2990BBCD7C76} = {CAB2F82D-4F62-4088-AEB1-AE4B2184E1FA}
	EndGlobalSection
	GlobalSection(ExtensibilityGlobals) = postSolution
		SolutionGuid = {580844A8-18A7-4A98-9647-E4D02AD209E7}
	EndGlobalSection
EndGlobal
